
Microsoft Visual Studio Solution File, Format Version 12.00
# Visual Studio Version 17
VisualStudioVersion = 17.9.34728.123
MinimumVisualStudioVersion = 10.0.40219.1
Project("{FAE04EC0-301F-11D3-BF4B-00C04F79EFBC}") = "Enitoolkit", "Enitoolkit\Enitoolkit.csproj", "{486F13FD-5D0D-4139-A749-B32041119A4D}"
EndProject
Project("{FAE04EC0-301F-11D3-BF4B-00C04F79EFBC}") = "Enitoolkit.Tests", "Enitoolkit.Tests\Enitoolkit.Tests.csproj", "{0C6ADC48-F93A-4DB0-AD0F-EE170004E9FA}"
EndProject
Global
	GlobalSection(SolutionConfigurationPlatforms) = preSolution
		Debug|Any CPU = Debug|Any CPU
		Release|Any CPU = Release|Any CPU
	EndGlobalSection
	GlobalSection(ProjectConfigurationPlatforms) = postSolution
		{486F13FD-5D0D-4139-A749-B32041119A4D}.Debug|Any CPU.ActiveCfg = Debug|Any CPU
		{486F13FD-5D0D-4139-A749-B32041119A4D}.Debug|Any CPU.Build.0 = Debug|Any CPU
		{486F13FD-5D0D-4139-A749-B32041119A4D}.Release|Any CPU.ActiveCfg = Release|Any CPU
		{486F13FD-5D0D-4139-A749-B32041119A4D}.Release|Any CPU.Build.0 = Release|Any CPU
		{0C6ADC48-F93A-4DB0-AD0F-EE170004E9FA}.Debug|Any CPU.ActiveCfg = Debug|Any CPU
		{0C6ADC48-F93A-4DB0-AD0F-EE170004E9FA}.Debug|Any CPU.Build.0 = Debug|Any CPU
		{0C6ADC48-F93A-4DB0-AD0F-EE170004E9FA}.Release|Any CPU.ActiveCfg = Release|Any CPU
		{0C6ADC48-F93A-4DB0-AD0F-EE170004E9FA}.Release|Any CPU.Build.0 = Release|Any CPU
	EndGlobalSection
	GlobalSection(SolutionProperties) = preSolution
		HideSolutionNode = FALSE
	EndGlobalSection
	GlobalSection(ExtensibilityGlobals) = postSolution
		SolutionGuid = {61002E3A-607B-4381-A62B-A73318FC4429}
	EndGlobalSection
EndGlobal
